{
  "originHash" : "4f7568c74d038fb7ef4cb42979f0508a8feffed1768c0593d3084ba088e4fb9b",
  "pins" : [
    {
      "identity" : "sparkle",
      "kind" : "remoteSourceControl",
      "location" : "https://github.com/sparkle-project/Sparkle",
      "state" : {
        "revision" : "6276ba2b404829d139c45ff98427cf90e2efc59b",
        "version" : "2.9.2"
      }
    }
  ],
  "version" : 3
}
